{
  "name": "is-roblox-ip",
  "version": "1.0.2",
  "lockfileVersion": 2,
  "requires": true,
  "packages": {
    "": {
      "version": "1.0.2",
      "license": "ISC",
      "dependencies": {
        "netmask": "^2.0.1"
      }
    },
    "node_modules/netmask": {
      "version": "2.0.1",
      "resolved": "https://registry.npmjs.org/netmask/-/netmask-2.0.1.tgz",
      "integrity": "sha512-gB8eG6ubxz67c7O2gaGiyWdRUIbH61q7anjgueDqCC9kvIs/b4CTtCMaQKeJbv1/Y7FT19I4zKwYmjnjInRQsg==",
      "engines": {
        "node": ">= 0.4.0"
      }
    }
  },
  "dependencies": {
    "netmask": {
      "version": "2.0.1",
      "resolved": "https://registry.npmjs.org/netmask/-/netmask-2.0.1.tgz",
      "integrity": "sha512-gB8eG6ubxz67c7O2gaGiyWdRUIbH61q7anjgueDqCC9kvIs/b4CTtCMaQKeJbv1/Y7FT19I4zKwYmjnjInRQsg=="
    }
  }
}
